// !$*UTF8*$!
{
	archiveVersion = 1;
	classes = {
	};
	objectVersion = 56;
	objects = {

/* Begin PBXBuildFile section */
		2CC93DB52B19FC82000FCFF4 /* AppDelegate.swift in Sources */ = {isa = PBXBuildFile; fileRef = 2CC93DB42B19FC82000FCFF4 /* AppDelegate.swift */; };
		2CC93DB72B19FC82000FCFF4 /* SceneDelegate.swift in Sources */ = {isa = PBXBuildFile; fileRef = 2CC93DB62B19FC82000FCFF4 /* SceneDelegate.swift */; };
		2CC93DB92B19FC82000FCFF4 /* ViewController.swift in Sources */ = {isa = PBXBuildFile; fileRef = 2CC93DB82B19FC82000FCFF4 /* ViewController.swift */; };
		2CC93DBC2B19FC82000FCFF4 /* Main.storyboard in Resources */ = {isa = PBXBuildFile; fileRef = 2CC93DBA2B19FC82000FCFF4 /* Main.storyboard */; };
		2CC93DBE2B19FC83000FCFF4 /* Assets.xcassets in Resources */ = {isa = PBXBuildFile; fileRef = 2CC93DBD2B19FC83000FCFF4 /* Assets.xcassets */; };
		2CC93DC12B19FC83000FCFF4 /* LaunchScreen.storyboard in Resources */ = {isa = PBXBuildFile; fileRef = 2CC93DBF2B19FC83000FCFF4 /* LaunchScreen.storyboard */; };
		2CC93DCC2B19FC83000FCFF4 /* HackNewsTests.swift in Sources */ = {isa = PBXBuildFile; fileRef = 2CC93DCB2B19FC83000FCFF4 /* HackNewsTests.swift */; };
		2CC93DD62B19FC83000FCFF4 /* HackNewsUITests.swift in Sources */ = {isa = PBXBuildFile; fileRef = 2CC93DD52B19FC83000FCFF4 /* HackNewsUITests.swift */; };
		2CC93DD82B19FC83000FCFF4 /* HackNewsUITestsLaunchTests.swift in Sources */ = {isa = PBXBuildFile; fileRef = 2CC93DD72B19FC83000FCFF4 /* HackNewsUITestsLaunchTests.swift */; };
/* End PBXBuildFile section */

/* Begin PBXContainerItemProxy section */
		2CC93DC82B19FC83000FCFF4 /* PBXContainerItemProxy */ = {
			isa = PBXContainerItemProxy;
			containerPortal = 2CC93DA92B19FC82000FCFF4 /* Project object */;
			proxyType = 1;
			remoteGlobalIDString = 2CC93DB02B19FC82000FCFF4;
			remoteInfo = HackNews;
		};
		2CC93DD22B19FC83000FCFF4 /* PBXContainerItemProxy */ = {
			isa = PBXContainerItemProxy;
			containerPortal = 2CC93DA92B19FC82000FCFF4 /* Project object */;
			proxyType = 1;
			remoteGlobalIDString = 2CC93DB02B19FC82000FCFF4;
			remoteInfo = HackNews;
		};
/* End PBXContainerItemProxy section */

/* Begin PBXFileReference section */
		2CC93DB12B19FC82000FCFF4 /* HackNews.app */ = {isa = PBXFileReference; explicitFileType = wrapper.application; includeInIndex = 0; path = HackNews.app; sourceTree = BUILT_PRODUCTS_DIR; };
		2CC93DB42B19FC82000FCFF4 /* AppDelegate.swift */ = {isa = PBXFileReference; lastKnownFileType = sourcecode.swift; path = AppDelegate.swift; sourceTree = "<group>"; };
		2CC93DB62B19FC82000FCFF4 /* SceneDelegate.swift */ = {isa = PBXFileReference; lastKnownFileType = sourcecode.swift; path = SceneDelegate.swift; sourceTree = "<group>"; };
		2CC93DB82B19FC82000FCFF4 /* ViewController.swift */ = {isa = PBXFileReference; lastKnownFileType = sourcecode.swift; path = ViewController.swift; sourceTree = "<group>"; };
		2CC93DBB2B19FC82000FCFF4 /* Base */ = {isa = PBXFileReference; lastKnownFileType = file.storyboard; name = Base; path = Base.lproj/Main.storyboard; sourceTree = "<group>"; };
		2CC93DBD2B19FC83000FCFF4 /* Assets.xcassets */ = {isa = PBXFileReference; lastKnownFileType = folder.assetcatalog; path = Assets.xcassets; sourceTree = "<group>"; };
		2CC93DC02B19FC83000FCFF4 /* Base */ = {isa = PBXFileReference; lastKnownFileType = file.storyboard; name = Base; path = Base.lproj/LaunchScreen.storyboard; sourceTree = "<group>"; };
		2CC93DC22B19FC83000FCFF4 /* Info.plist */ = {isa = PBXFileReference; lastKnownFileType = text.plist.xml; path = Info.plist; sourceTree = "<group>"; };
		2CC93DC72B19FC83000FCFF4 /* HackNewsTests.xctest */ = {isa = PBXFileReference; explicitFileType = wrapper.cfbundle; includeInIndex = 0; path = HackNewsTests.xctest; sourceTree = BUILT_PRODUCTS_DIR; };
		2CC93DCB2B19FC83000FCFF4 /* HackNewsTests.swift */ = {isa = PBXFileReference; lastKnownFileType = sourcecode.swift; path = HackNewsTests.swift; sourceTree = "<group>"; };
		2CC93DD12B19FC83000FCFF4 /* HackNewsUITests.xctest */ = {isa = PBXFileReference; explicitFileType = wrapper.cfbundle; includeInIndex = 0; path = HackNewsUITests.xctest; sourceTree = BUILT_PRODUCTS_DIR; };
		2CC93DD52B19FC83000FCFF4 /* HackNewsUITests.swift */ = {isa = PBXFileReference; lastKnownFileType = sourcecode.swift; path = HackNewsUITests.swift; sourceTree = "<group>"; };
		2CC93DD72B19FC83000FCFF4 /* HackNewsUITestsLaunchTests.swift */ = {isa = PBXFileReference; lastKnownFileType = sourcecode.swift; path = HackNewsUITestsLaunchTests.swift; sourceTree = "<group>"; };
/* End PBXFileReference section */

/* Begin PBXFrameworksBuildPhase section */
		2CC93DAE2B19FC82000FCFF4 /* Frameworks */ = {
			isa = PBXFrameworksBuildPhase;
			buildActionMask = 2147483647;
			files = (
			);
			runOnlyForDeploymentPostprocessing = 0;
		};
		2CC93DC42B19FC83000FCFF4 /* Frameworks */ = {
			isa = PBXFrameworksBuildPhase;
			buildActionMask = 2147483647;
			files = (
			);
			runOnlyForDeploymentPostprocessing = 0;
		};
		2CC93DCE2B19FC83000FCFF4 /* Frameworks */ = {
			isa = PBXFrameworksBuildPhase;
			buildActionMask = 2147483647;
			files = (
			);
			runOnlyForDeploymentPostprocessing = 0;
		};
/* End PBXFrameworksBuildPhase section */

/* Begin PBXGroup section */
		2CC93DA82B19FC82000FCFF4 = {
			isa = PBXGroup;
			children = (
				2CC93DB32B19FC82000FCFF4 /* HackNews */,
				2CC93DCA2B19FC83000FCFF4 /* HackNewsTests */,
				2CC93DD42B19FC83000FCFF4 /* HackNewsUITests */,
				2CC93DB22B19FC82000FCFF4 /* Products */,
			);
			sourceTree = "<group>";
		};
		2CC93DB22B19FC82000FCFF4 /* Products */ = {
			isa = PBXGroup;
			children = (
				2CC93DB12B19FC82000FCFF4 /* HackNews.app */,
				2CC93DC72B19FC83000FCFF4 /* HackNewsTests.xctest */,
				2CC93DD12B19FC83000FCFF4 /* HackNewsUITests.xctest */,
			);
			name = Products;
			sourceTree = "<group>";
		};
		2CC93DB32B19FC82000FCFF4 /* HackNews */ = {
			isa = PBXGroup;
			children = (
				2CC93DB42B19FC82000FCFF4 /* AppDelegate.swift */,
				2CC93DB62B19FC82000FCFF4 /* SceneDelegate.swift */,
				2CC93DB82B19FC82000FCFF4 /* ViewController.swift */,
				2CC93DBA2B19FC82000FCFF4 /* Main.storyboard */,
				2CC93DBD2B19FC83000FCFF4 /* Assets.xcassets */,
				2CC93DBF2B19FC83000FCFF4 /* LaunchScreen.storyboard */,
				2CC93DC22B19FC83000FCFF4 /* Info.plist */,
			);
			path = HackNews;
			sourceTree = "<group>";
		};
		2CC93DCA2B19FC83000FCFF4 /* HackNewsTests */ = {
			isa = PBXGroup;
			children = (
				2CC93DCB2B19FC83000FCFF4 /* HackNewsTests.swift */,
			);
			path = HackNewsTests;
			sourceTree = "<group>";
		};
		2CC93DD42B19FC83000FCFF4 /* HackNewsUITests */ = {
			isa = PBXGroup;
			children = (
				2CC93DD52B19FC83000FCFF4 /* HackNewsUITests.swift */,
				2CC93DD72B19FC83000FCFF4 /* HackNewsUITestsLaunchTests.swift */,
			);
			path = HackNewsUITests;
			sourceTree = "<group>";
		};
/* End PBXGroup section */

/* Begin PBXNativeTarget section */
		2CC93DB02B19FC82000FCFF4 /* HackNews */ = {
			isa = PBXNativeTarget;
			buildConfigurationList = 2CC93DDB2B19FC83000FCFF4 /* Build configuration list for PBXNativeTarget "HackNews" */;
			buildPhases = (
				2CC93DAD2B19FC82000FCFF4 /* Sources */,
				2CC93DAE2B19FC82000FCFF4 /* Frameworks */,
				2CC93DAF2B19FC82000FCFF4 /* Resources */,
			);
			buildRules = (
			);
			dependencies = (
			);
			name = HackNews;
			productName = HackNews;
			productReference = 2CC93DB12B19FC82000FCFF4 /* HackNews.app */;
			productType = "com.apple.product-type.application";
		};
		2CC93DC62B19FC83000FCFF4 /* HackNewsTests */ = {
			isa = PBXNativeTarget;
			buildConfigurationList = 2CC93DDE2B19FC83000FCFF4 /* Build configuration list for PBXNativeTarget "HackNewsTests" */;
			buildPhases = (
				2CC93DC32B19FC83000FCFF4 /* Sources */,
				2CC93DC42B19FC83000FCFF4 /* Frameworks */,
				2CC93DC52B19FC83000FCFF4 /* Resources */,
			);
			buildRules = (
			);
			dependencies = (
				2CC93DC92B19FC83000FCFF4 /* PBXTargetDependency */,
			);
			name = HackNewsTests;
			productName = HackNewsTests;
			productReference = 2CC93DC72B19FC83000FCFF4 /* HackNewsTests.xctest */;
			productType = "com.apple.product-type.bundle.unit-test";
		};
		2CC93DD02B19FC83000FCFF4 /* HackNewsUITests */ = {
			isa = PBXNativeTarget;
			buildConfigurationList = 2CC93DE12B19FC83000FCFF4 /* Build configuration list for PBXNativeTarget "HackNewsUITests" */;
			buildPhases = (
				2CC93DCD2B19FC83000FCFF4 /* Sources */,
				2CC93DCE2B19FC83000FCFF4 /* Frameworks */,
				2CC93DCF2B19FC83000FCFF4 /* Resources */,
			);
			buildRules = (
			);
			dependencies = (
				2CC93DD32B19FC83000FCFF4 /* PBXTargetDependency */,
			);
			name = HackNewsUITests;
			productName = HackNewsUITests;
			productReference = 2CC93DD12B19FC83000FCFF4 /* HackNewsUITests.xctest */;
			productType = "com.apple.product-type.bundle.ui-testing";
		};
/* End PBXNativeTarget section */

/* Begin PBXProject section */
		2CC93DA92B19FC82000FCFF4 /* Project object */ = {
			isa = PBXProject;
			attributes = {
				BuildIndependentTargetsInParallel = 1;
				LastSwiftUpdateCheck = 1420;
				LastUpgradeCheck = 1420;
				TargetAttributes = {
					2CC93DB02B19FC82000FCFF4 = {
						CreatedOnToolsVersion = 14.2;
					};
					2CC93DC62B19FC83000FCFF4 = {
						CreatedOnToolsVersion = 14.2;
						TestTargetID = 2CC93DB02B19FC82000FCFF4;
					};
					2CC93DD02B19FC83000FCFF4 = {
						CreatedOnToolsVersion = 14.2;
						TestTargetID = 2CC93DB02B19FC82000FCFF4;
					};
				};
			};
			buildConfigurationList = 2CC93DAC2B19FC82000FCFF4 /* Build configuration list for PBXProject "HackNews" */;
			compatibilityVersion = "Xcode 14.0";
			developmentRegion = en;
			hasScannedForEncodings = 0;
			knownRegions = (
				en,
				Base,
			);
			mainGroup = 2CC93DA82B19FC82000FCFF4;
			productRefGroup = 2CC93DB22B19FC82000FCFF4 /* Products */;
			projectDirPath = "";
			projectRoot = "";
			targets = (
				2CC93DB02B19FC82000FCFF4 /* HackNews */,
				2CC93DC62B19FC83000FCFF4 /* HackNewsTests */,
				2CC93DD02B19FC83000FCFF4 /* HackNewsUITests */,
			);
		};
/* End PBXProject section */

/* Begin PBXResourcesBuildPhase section */
		2CC93DAF2B19FC82000FCFF4 /* Resources */ = {
			isa = PBXResourcesBuildPhase;
			buildActionMask = 2147483647;
			files = (
				2CC93DC12B19FC83000FCFF4 /* LaunchScreen.storyboard in Resources */,
				2CC93DBE2B19FC83000FCFF4 /* Assets.xcassets in Resources */,
				2CC93DBC2B19FC82000FCFF4 /* Main.storyboard in Resources */,
			);
			runOnlyForDeploymentPostprocessing = 0;
		};
		2CC93DC52B19FC83000FCFF4 /* Resources */ = {
			isa = PBXResourcesBuildPhase;
			buildActionMask = 2147483647;
			files = (
			);
			runOnlyForDeploymentPostprocessing = 0;
		};
		2CC93DCF2B19FC83000FCFF4 /* Resources */ = {
			isa = PBXResourcesBuildPhase;
			buildActionMask = 2147483647;
			files = (
			);
			runOnlyForDeploymentPostprocessing = 0;
		};
/* End PBXResourcesBuildPhase section */

/* Begin PBXSourcesBuildPhase section */
		2CC93DAD2B19FC82000FCFF4 /* Sources */ = {
			isa = PBXSourcesBuildPhase;
			buildActionMask = 2147483647;
			files = (
				2CC93DB92B19FC82000FCFF4 /* ViewController.swift in Sources */,
				2CC93DB52B19FC82000FCFF4 /* AppDelegate.swift in Sources */,
				2CC93DB72B19FC82000FCFF4 /* SceneDelegate.swift in Sources */,
			);
			runOnlyForDeploymentPostprocessing = 0;
		};
		2CC93DC32B19FC83000FCFF4 /* Sources */ = {
			isa = PBXSourcesBuildPhase;
			buildActionMask = 2147483647;
			files = (
				2CC93DCC2B19FC83000FCFF4 /* HackNewsTests.swift in Sources */,
			);
			runOnlyForDeploymentPostprocessing = 0;
		};
		2CC93DCD2B19FC83000FCFF4 /* Sources */ = {
			isa = PBXSourcesBuildPhase;
			buildActionMask = 2147483647;
			files = (
				2CC93DD82B19FC83000FCFF4 /* HackNewsUITestsLaunchTests.swift in Sources */,
				2CC93DD62B19FC83000FCFF4 /* HackNewsUITests.swift in Sources */,
			);
			runOnlyForDeploymentPostprocessing = 0;
		};
/* End PBXSourcesBuildPhase section */

/* Begin PBXTargetDependency section */
		2CC93DC92B19FC83000FCFF4 /* PBXTargetDependency */ = {
			isa = PBXTargetDependency;
			target = 2CC93DB02B19FC82000FCFF4 /* HackNews */;
			targetProxy = 2CC93DC82B19FC83000FCFF4 /* PBXContainerItemProxy */;
		};
		2CC93DD32B19FC83000FCFF4 /* PBXTargetDependency */ = {
			isa = PBXTargetDependency;
			target = 2CC93DB02B19FC82000FCFF4 /* HackNews */;
			targetProxy = 2CC93DD22B19FC83000FCFF4 /* PBXContainerItemProxy */;
		};
/* End PBXTargetDependency section */

/* Begin PBXVariantGroup section */
		2CC93DBA2B19FC82000FCFF4 /* Main.storyboard */ = {
			isa = PBXVariantGroup;
			children = (
				2CC93DBB2B19FC82000FCFF4 /* Base */,
			);
			name = Main.storyboard;
			sourceTree = "<group>";
		};
		2CC93DBF2B19FC83000FCFF4 /* LaunchScreen.storyboard */ = {
			isa = PBXVariantGroup;
			children = (
				2CC93DC02B19FC83000FCFF4 /* Base */,
			);
			name = LaunchScreen.storyboard;
			sourceTree = "<group>";
		};
/* End PBXVariantGroup section */

/* Begin XCBuildConfiguration section */
		2CC93DD92B19FC83000FCFF4 /* Debug */ = {
			isa = XCBuildConfiguration;
			buildSettings = {
				ALWAYS_SEARCH_USER_PATHS = NO;
				CLANG_ANALYZER_NONNULL = YES;
				CLANG_ANALYZER_NUMBER_OBJECT_CONVERSION = YES_AGGRESSIVE;
				CLANG_CXX_LANGUAGE_STANDARD = "gnu++20";
				CLANG_ENABLE_MODULES = YES;
				CLANG_ENABLE_OBJC_ARC = YES;
				CLANG_ENABLE_OBJC_WEAK = YES;
				CLANG_WARN_BLOCK_CAPTURE_AUTORELEASING = YES;
				CLANG_WARN_BOOL_CONVERSION = YES;
				CLANG_WARN_COMMA = YES;
				CLANG_WARN_CONSTANT_CONVERSION = YES;
				CLANG_WARN_DEPRECATED_OBJC_IMPLEMENTATIONS = YES;
				CLANG_WARN_DIRECT_OBJC_ISA_USAGE = YES_ERROR;
				CLANG_WARN_DOCUMENTATION_COMMENTS = YES;
				CLANG_WARN_EMPTY_BODY = YES;
				CLANG_WARN_ENUM_CONVERSION = YES;
				CLANG_WARN_INFINITE_RECURSION = YES;
				CLANG_WARN_INT_CONVERSION = YES;
				CLANG_WARN_NON_LITERAL_NULL_CONVERSION = YES;
				CLANG_WARN_OBJC_IMPLICIT_RETAIN_SELF = YES;
				CLANG_WARN_OBJC_LITERAL_CONVERSION = YES;
				CLANG_WARN_OBJC_ROOT_CLASS = YES_ERROR;
				CLANG_WARN_QUOTED_INCLUDE_IN_FRAMEWORK_HEADER = YES;
				CLANG_WARN_RANGE_LOOP_ANALYSIS = YES;
				CLANG_WARN_STRICT_PROTOTYPES = YES;
				CLANG_WARN_SUSPICIOUS_MOVE = YES;
				CLANG_WARN_UNGUARDED_AVAILABILITY = YES_AGGRESSIVE;
				CLANG_WARN_UNREACHABLE_CODE = YES;
				CLANG_WARN__DUPLICATE_METHOD_MATCH = YES;
				COPY_PHASE_STRIP = NO;
				DEBUG_INFORMATION_FORMAT = dwarf;
				ENABLE_STRICT_OBJC_MSGSEND = YES;
				ENABLE_TESTABILITY = YES;
				GCC_C_LANGUAGE_STANDARD = gnu11;
				GCC_DYNAMIC_NO_PIC = NO;
				GCC_NO_COMMON_BLOCKS = YES;
				GCC_OPTIMIZATION_LEVEL = 0;
				GCC_PREPROCESSOR_DEFINITIONS = (
					"DEBUG=1",
					"$(inherited)",
				);
				GCC_WARN_64_TO_32_BIT_CONVERSION = YES;
				GCC_WARN_ABOUT_RETURN_TYPE = YES_ERROR;
				GCC_WARN_UNDECLARED_SELECTOR = YES;
				GCC_WARN_UNINITIALIZED_AUTOS = YES_AGGRESSIVE;
				GCC_WARN_UNUSED_FUNCTION = YES;
				GCC_WARN_UNUSED_VARIABLE = YES;
				IPHONEOS_DEPLOYMENT_TARGET = 16.2;
				MTL_ENABLE_DEBUG_INFO = INCLUDE_SOURCE;
				MTL_FAST_MATH = YES;
				ONLY_ACTIVE_ARCH = YES;
				SDKROOT = iphoneos;
				SWIFT_ACTIVE_COMPILATION_CONDITIONS = DEBUG;
				SWIFT_OPTIMIZATION_LEVEL = "-Onone";
			};
			name = Debug;
		};
		2CC93DDA2B19FC83000FCFF4 /* Release */ = {
			isa = XCBuildConfiguration;
			buildSettings = {
				ALWAYS_SEARCH_USER_PATHS = NO;
				CLANG_ANALYZER_NONNULL = YES;
				CLANG_ANALYZER_NUMBER_OBJECT_CONVERSION = YES_AGGRESSIVE;
				CLANG_CXX_LANGUAGE_STANDARD = "gnu++20";
				CLANG_ENABLE_MODULES = YES;
				CLANG_ENABLE_OBJC_ARC = YES;
				CLANG_ENABLE_OBJC_WEAK = YES;
				CLANG_WARN_BLOCK_CAPTURE_AUTORELEASING = YES;
				CLANG_WARN_BOOL_CONVERSION = YES;
				CLANG_WARN_COMMA = YES;
				CLANG_WARN_CONSTANT_CONVERSION = YES;
				CLANG_WARN_DEPRECATED_OBJC_IMPLEMENTATIONS = YES;
				CLANG_WARN_DIRECT_OBJC_ISA_USAGE = YES_ERROR;
				CLANG_WARN_DOCUMENTATION_COMMENTS = YES;
				CLANG_WARN_EMPTY_BODY = YES;
				CLANG_WARN_ENUM_CONVERSION = YES;
				CLANG_WARN_INFINITE_RECURSION = YES;
				CLANG_WARN_INT_CONVERSION = YES;
				CLANG_WARN_NON_LITERAL_NULL_CONVERSION = YES;
				CLANG_WARN_OBJC_IMPLICIT_RETAIN_SELF = YES;
				CLANG_WARN_OBJC_LITERAL_CONVERSION = YES;
				CLANG_WARN_OBJC_ROOT_CLASS = YES_ERROR;
				CLANG_WARN_QUOTED_INCLUDE_IN_FRAMEWORK_HEADER = YES;
				CLANG_WARN_RANGE_LOOP_ANALYSIS = YES;
				CLANG_WARN_STRICT_PROTOTYPES = YES;
				CLANG_WARN_SUSPICIOUS_MOVE = YES;
				CLANG_WARN_UNGUARDED_AVAILABILITY = YES_AGGRESSIVE;
				CLANG_WARN_UNREACHABLE_CODE = YES;
				CLANG_WARN__DUPLICATE_METHOD_MATCH = YES;
				COPY_PHASE_STRIP = NO;
				DEBUG_INFORMATION_FORMAT = "dwarf-with-dsym";
				ENABLE_NS_ASSERTIONS = NO;
				ENABLE_STRICT_OBJC_MSGSEND = YES;
				GCC_C_LANGUAGE_STANDARD = gnu11;
				GCC_NO_COMMON_BLOCKS = YES;
				GCC_WARN_64_TO_32_BIT_CONVERSION = YES;
				GCC_WARN_ABOUT_RETURN_TYPE = YES_ERROR;
				GCC_WARN_UNDECLARED_SELECTOR = YES;
				GCC_WARN_UNINITIALIZED_AUTOS = YES_AGGRESSIVE;
				GCC_WARN_UNUSED_FUNCTION = YES;
				GCC_WARN_UNUSED_VARIABLE = YES;
				IPHONEOS_DEPLOYMENT_TARGET = 16.2;
				MTL_ENABLE_DEBUG_INFO = NO;
				MTL_FAST_MATH = YES;
				SDKROOT = iphoneos;
				SWIFT_COMPILATION_MODE = wholemodule;
				SWIFT_OPTIMIZATION_LEVEL = "-O";
				VALIDATE_PRODUCT = YES;
			};
			name = Release;
		};
		2CC93DDC2B19FC83000FCFF4 /* Debug */ = {
			isa = XCBuildConfiguration;
			buildSettings = {
				ASSETCATALOG_COMPILER_APPICON_NAME = AppIcon;
				ASSETCATALOG_COMPILER_GLOBAL_ACCENT_COLOR_NAME = AccentColor;
				CODE_SIGN_STYLE = Automatic;
				CURRENT_PROJECT_VERSION = 1;
				DEVELOPMENT_TEAM = 6RCYD83376;
				GENERATE_INFOPLIST_FILE = YES;
				INFOPLIST_FILE = HackNews/Info.plist;
				INFOPLIST_KEY_UIApplicationSupportsIndirectInputEvents = YES;
				INFOPLIST_KEY_UILaunchStoryboardName = LaunchScreen;
				INFOPLIST_KEY_UIMainStoryboardFile = Main;
				INFOPLIST_KEY_UISupportedInterfaceOrientations_iPad = "UIInterfaceOrientationPortrait UIInterfaceOrientationPortraitUpsideDown UIInterfaceOrientationLandscapeLeft UIInterfaceOrientationLandscapeRight";
				INFOPLIST_KEY_UISupportedInterfaceOrientations_iPhone = "UIInterfaceOrientationPortrait UIInterfaceOrientationLandscapeLeft UIInterfaceOrientationLandscapeRight";
				LD_RUNPATH_SEARCH_PATHS = (
					"$(inherited)",
					"@executable_path/Frameworks",
				);
				MARKETING_VERSION = 1.0;
				PRODUCT_BUNDLE_IDENTIFIER = chan.gu.wo.HackNews;
				PRODUCT_NAME = "$(TARGET_NAME)";
				SWIFT_EMIT_LOC_STRINGS = YES;
				SWIFT_VERSION = 5.0;
				TARGETED_DEVICE_FAMILY = "1,2";
			};
			name = Debug;
		};
		2CC93DDD2B19FC83000FCFF4 /* Release */ = {
			isa = XCBuildConfiguration;
			buildSettings = {
				ASSETCATALOG_COMPILER_APPICON_NAME = AppIcon;
				ASSETCATALOG_COMPILER_GLOBAL_ACCENT_COLOR_NAME = AccentColor;
				CODE_SIGN_STYLE = Automatic;
				CURRENT_PROJECT_VERSION = 1;
				DEVELOPMENT_TEAM = 6RCYD83376;
				GENERATE_INFOPLIST_FILE = YES;
				INFOPLIST_FILE = HackNews/Info.plist;
				INFOPLIST_KEY_UIApplicationSupportsIndirectInputEvents = YES;
				INFOPLIST_KEY_UILaunchStoryboardName = LaunchScreen;
				INFOPLIST_KEY_UIMainStoryboardFile = Main;
				INFOPLIST_KEY_UISupportedInterfaceOrientations_iPad = "UIInterfaceOrientationPortrait UIInterfaceOrientationPortraitUpsideDown UIInterfaceOrientationLandscapeLeft UIInterfaceOrientationLandscapeRight";
				INFOPLIST_KEY_UISupportedInterfaceOrientations_iPhone = "UIInterfaceOrientationPortrait UIInterfaceOrientationLandscapeLeft UIInterfaceOrientationLandscapeRight";
				LD_RUNPATH_SEARCH_PATHS = (
					"$(inherited)",
					"@executable_path/Frameworks",
				);
				MARKETING_VERSION = 1.0;
				PRODUCT_BUNDLE_IDENTIFIER = chan.gu.wo.HackNews;
				PRODUCT_NAME = "$(TARGET_NAME)";
				SWIFT_EMIT_LOC_STRINGS = YES;
				SWIFT_VERSION = 5.0;
				TARGETED_DEVICE_FAMILY = "1,2";
			};
			name = Release;
		};
		2CC93DDF2B19FC83000FCFF4 /* Debug */ = {
			isa = XCBuildConfiguration;
			buildSettings = {
				ALWAYS_EMBED_SWIFT_STANDARD_LIBRARIES = YES;
				BUNDLE_LOADER = "$(TEST_HOST)";
				CODE_SIGN_STYLE = Automatic;
				CURRENT_PROJECT_VERSION = 1;
				DEVELOPMENT_TEAM = 6RCYD83376;
				GENERATE_INFOPLIST_FILE = YES;
				IPHONEOS_DEPLOYMENT_TARGET = 16.2;
				MARKETING_VERSION = 1.0;
				PRODUCT_BUNDLE_IDENTIFIER = chan.gu.wo.HackNewsTests;
				PRODUCT_NAME = "$(TARGET_NAME)";
				SWIFT_EMIT_LOC_STRINGS = NO;
				SWIFT_VERSION = 5.0;
				TARGETED_DEVICE_FAMILY = "1,2";
				TEST_HOST = "$(BUILT_PRODUCTS_DIR)/HackNews.app/$(BUNDLE_EXECUTABLE_FOLDER_PATH)/HackNews";
			};
			name = Debug;
		};
		2CC93DE02B19FC83000FCFF4 /* Release */ = {
			isa = XCBuildConfiguration;
			buildSettings = {
				ALWAYS_EMBED_SWIFT_STANDARD_LIBRARIES = YES;
				BUNDLE_LOADER = "$(TEST_HOST)";
				CODE_SIGN_STYLE = Automatic;
				CURRENT_PROJECT_VERSION = 1;
				DEVELOPMENT_TEAM = 6RCYD83376;
				GENERATE_INFOPLIST_FILE = YES;
				IPHONEOS_DEPLOYMENT_TARGET = 16.2;
				MARKETING_VERSION = 1.0;
				PRODUCT_BUNDLE_IDENTIFIER = chan.gu.wo.HackNewsTests;
				PRODUCT_NAME = "$(TARGET_NAME)";
				SWIFT_EMIT_LOC_STRINGS = NO;
				SWIFT_VERSION = 5.0;
				TARGETED_DEVICE_FAMILY = "1,2";
				TEST_HOST = "$(BUILT_PRODUCTS_DIR)/HackNews.app/$(BUNDLE_EXECUTABLE_FOLDER_PATH)/HackNews";
			};
			name = Release;
		};
		2CC93DE22B19FC83000FCFF4 /* Debug */ = {
			isa = XCBuildConfiguration;
			buildSettings = {
				ALWAYS_EMBED_SWIFT_STANDARD_LIBRARIES = YES;
				CODE_SIGN_STYLE = Automatic;
				CURRENT_PROJECT_VERSION = 1;
				DEVELOPMENT_TEAM = 6RCYD83376;
				GENERATE_INFOPLIST_FILE = YES;
				MARKETING_VERSION = 1.0;
				PRODUCT_BUNDLE_IDENTIFIER = chan.gu.wo.HackNewsUITests;
				PRODUCT_NAME = "$(TARGET_NAME)";
				SWIFT_EMIT_LOC_STRINGS = NO;
				SWIFT_VERSION = 5.0;
				TARGETED_DEVICE_FAMILY = "1,2";
				TEST_TARGET_NAME = HackNews;
			};
			name = Debug;
		};
		2CC93DE32B19FC83000FCFF4 /* Release */ = {
			isa = XCBuildConfiguration;
			buildSettings = {
				ALWAYS_EMBED_SWIFT_STANDARD_LIBRARIES = YES;
				CODE_SIGN_STYLE = Automatic;
				CURRENT_PROJECT_VERSION = 1;
				DEVELOPMENT_TEAM = 6RCYD83376;
				GENERATE_INFOPLIST_FILE = YES;
				MARKETING_VERSION = 1.0;
				PRODUCT_BUNDLE_IDENTIFIER = chan.gu.wo.HackNewsUITests;
				PRODUCT_NAME = "$(TARGET_NAME)";
				SWIFT_EMIT_LOC_STRINGS = NO;
				SWIFT_VERSION = 5.0;
				TARGETED_DEVICE_FAMILY = "1,2";
				TEST_TARGET_NAME = HackNews;
			};
			name = Release;
		};
/* End XCBuildConfiguration section */

/* Begin XCConfigurationList section */
		2CC93DAC2B19FC82000FCFF4 /* Build configuration list for PBXProject "HackNews" */ = {
			isa = XCConfigurationList;
			buildConfigurations = (
				2CC93DD92B19FC83000FCFF4 /* Debug */,
				2CC93DDA2B19FC83000FCFF4 /* Release */,
			);
			defaultConfigurationIsVisible = 0;
			defaultConfigurationName = Release;
		};
		2CC93DDB2B19FC83000FCFF4 /* Build configuration list for PBXNativeTarget "HackNews" */ = {
			isa = XCConfigurationList;
			buildConfigurations = (
				2CC93DDC2B19FC83000FCFF4 /* Debug */,
				2CC93DDD2B19FC83000FCFF4 /* Release */,
			);
			defaultConfigurationIsVisible = 0;
			defaultConfigurationName = Release;
		};
		2CC93DDE2B19FC83000FCFF4 /* Build configuration list for PBXNativeTarget "HackNewsTests" */ = {
			isa = XCConfigurationList;
			buildConfigurations = (
				2CC93DDF2B19FC83000FCFF4 /* Debug */,
				2CC93DE02B19FC83000FCFF4 /* Release */,
			);
			defaultConfigurationIsVisible = 0;
			defaultConfigurationName = Release;
		};
		2CC93DE12B19FC83000FCFF4 /* Build configuration list for PBXNativeTarget "HackNewsUITests" */ = {
			isa = XCConfigurationList;
			buildConfigurations = (
				2CC93DE22B19FC83000FCFF4 /* Debug */,
				2CC93DE32B19FC83000FCFF4 /* Release */,
			);
			defaultConfigurationIsVisible = 0;
			defaultConfigurationName = Release;
		};
/* End XCConfigurationList section */
	};
	rootObject = 2CC93DA92B19FC82000FCFF4 /* Project object */;
}
